
Microsoft Visual Studio Solution File, Format Version 12.00
# Visual Studio 15
VisualStudioVersion = 15.0.27004.2008
MinimumVisualStudioVersion = 10.0.40219.1
Project("{FAE04EC0-301F-11D3-BF4B-00C04F79EFBC}") = "Reservations.API", "Reservations.API\Reservations.API.csproj", "{23DFCFD5-B158-4C0D-9C31-5E9CB64C64CF}"
EndProject
Project("{FAE04EC0-301F-11D3-BF4B-00C04F79EFBC}") = "Reservations.Web", "Reservations.Web\Reservations.Web.csproj", "{E4156422-2684-4222-95C2-4B9AE4CBA7E3}"
EndProject
Project("{FAE04EC0-301F-11D3-BF4B-00C04F79EFBC}") = "Reservations.ResourceServer", "Reservations.ResourceServer\Reservations.ResourceServer.csproj", "{69BC6280-CF91-409C-81BF-28B95417ACBF}"
EndProject
Project("{FAE04EC0-301F-11D3-BF4B-00C04F79EFBC}") = "Reservations.API.Models", "Reservations.API.Models\Reservations.API.Models.csproj", "{556660A8-C1BF-4016-AD54-E2C76E417B99}"
EndProject
Project("{FAE04EC0-301F-11D3-BF4B-00C04F79EFBC}") = "Reservations.API.Dal", "Reservations.API.Dal\Reservations.API.Dal.csproj", "{B3CF95D9-B62E-4518-9302-B44B1004463F}"
EndProject
Project("{FAE04EC0-301F-11D3-BF4B-00C04F79EFBC}") = "Reservations.API.Bll", "Reservations.API.Bll\Reservations.API.Bll.csproj", "{FB913BCE-31D7-406B-8CC7-10E259DDD3D9}"
EndProject
Project("{FAE04EC0-301F-11D3-BF4B-00C04F79EFBC}") = "Reservations.API.AutomatedTests", "Reservations.API.AutomatedTests\Reservations.API.AutomatedTests.csproj", "{EE41394A-4E74-4739-BFAE-8263DECC8D7F}"
EndProject
Project("{FAE04EC0-301F-11D3-BF4B-00C04F79EFBC}") = "Reservations.API.Services", "Reservations.API.Services\Reservations.API.Services.csproj", "{3F10C2DE-308C-4686-8FAE-C50DE03BC632}"
EndProject
Project("{FAE04EC0-301F-11D3-BF4B-00C04F79EFBC}") = "Reservations.API.Infrastructure", "Reservations.API.Infrastructure\Reservations.API.Infrastructure.csproj", "{0FE4D122-3625-44B3-B65A-E8D9C2581BB2}"
EndProject
Global
	GlobalSection(SolutionConfigurationPlatforms) = preSolution
		Debug|Any CPU = Debug|Any CPU
		Release|Any CPU = Release|Any CPU
	EndGlobalSection
	GlobalSection(ProjectConfigurationPlatforms) = postSolution
		{23DFCFD5-B158-4C0D-9C31-5E9CB64C64CF}.Debug|Any CPU.ActiveCfg = Debug|Any CPU
		{23DFCFD5-B158-4C0D-9C31-5E9CB64C64CF}.Debug|Any CPU.Build.0 = Debug|Any CPU
		{23DFCFD5-B158-4C0D-9C31-5E9CB64C64CF}.Release|Any CPU.ActiveCfg = Release|Any CPU
		{23DFCFD5-B158-4C0D-9C31-5E9CB64C64CF}.Release|Any CPU.Build.0 = Release|Any CPU
		{E4156422-2684-4222-95C2-4B9AE4CBA7E3}.Debug|Any CPU.ActiveCfg = Debug|Any CPU
		{E4156422-2684-4222-95C2-4B9AE4CBA7E3}.Debug|Any CPU.Build.0 = Debug|Any CPU
		{E4156422-2684-4222-95C2-4B9AE4CBA7E3}.Release|Any CPU.ActiveCfg = Release|Any CPU
		{E4156422-2684-4222-95C2-4B9AE4CBA7E3}.Release|Any CPU.Build.0 = Release|Any CPU
		{69BC6280-CF91-409C-81BF-28B95417ACBF}.Debug|Any CPU.ActiveCfg = Debug|Any CPU
		{69BC6280-CF91-409C-81BF-28B95417ACBF}.Debug|Any CPU.Build.0 = Debug|Any CPU
		{69BC6280-CF91-409C-81BF-28B95417ACBF}.Release|Any CPU.ActiveCfg = Release|Any CPU
		{69BC6280-CF91-409C-81BF-28B95417ACBF}.Release|Any CPU.Build.0 = Release|Any CPU
		{556660A8-C1BF-4016-AD54-E2C76E417B99}.Debug|Any CPU.ActiveCfg = Debug|Any CPU
		{556660A8-C1BF-4016-AD54-E2C76E417B99}.Debug|Any CPU.Build.0 = Debug|Any CPU
		{556660A8-C1BF-4016-AD54-E2C76E417B99}.Release|Any CPU.ActiveCfg = Release|Any CPU
		{556660A8-C1BF-4016-AD54-E2C76E417B99}.Release|Any CPU.Build.0 = Release|Any CPU
		{B3CF95D9-B62E-4518-9302-B44B1004463F}.Debug|Any CPU.ActiveCfg = Debug|Any CPU
		{B3CF95D9-B62E-4518-9302-B44B1004463F}.Debug|Any CPU.Build.0 = Debug|Any CPU
		{B3CF95D9-B62E-4518-9302-B44B1004463F}.Release|Any CPU.ActiveCfg = Release|Any CPU
		{B3CF95D9-B62E-4518-9302-B44B1004463F}.Release|Any CPU.Build.0 = Release|Any CPU
		{FB913BCE-31D7-406B-8CC7-10E259DDD3D9}.Debug|Any CPU.ActiveCfg = Debug|Any CPU
		{FB913BCE-31D7-406B-8CC7-10E259DDD3D9}.Debug|Any CPU.Build.0 = Debug|Any CPU
		{FB913BCE-31D7-406B-8CC7-10E259DDD3D9}.Release|Any CPU.ActiveCfg = Release|Any CPU
		{FB913BCE-31D7-406B-8CC7-10E259DDD3D9}.Release|Any CPU.Build.0 = Release|Any CPU
		{EE41394A-4E74-4739-BFAE-8263DECC8D7F}.Debug|Any CPU.ActiveCfg = Debug|Any CPU
		{EE41394A-4E74-4739-BFAE-8263DECC8D7F}.Debug|Any CPU.Build.0 = Debug|Any CPU
		{EE41394A-4E74-4739-BFAE-8263DECC8D7F}.Release|Any CPU.ActiveCfg = Release|Any CPU
		{EE41394A-4E74-4739-BFAE-8263DECC8D7F}.Release|Any CPU.Build.0 = Release|Any CPU
		{3F10C2DE-308C-4686-8FAE-C50DE03BC632}.Debug|Any CPU.ActiveCfg = Debug|Any CPU
		{3F10C2DE-308C-4686-8FAE-C50DE03BC632}.Debug|Any CPU.Build.0 = Debug|Any CPU
		{3F10C2DE-308C-4686-8FAE-C50DE03BC632}.Release|Any CPU.ActiveCfg = Release|Any CPU
		{3F10C2DE-308C-4686-8FAE-C50DE03BC632}.Release|Any CPU.Build.0 = Release|Any CPU
		{0FE4D122-3625-44B3-B65A-E8D9C2581BB2}.Debug|Any CPU.ActiveCfg = Debug|Any CPU
		{0FE4D122-3625-44B3-B65A-E8D9C2581BB2}.Debug|Any CPU.Build.0 = Debug|Any CPU
		{0FE4D122-3625-44B3-B65A-E8D9C2581BB2}.Release|Any CPU.ActiveCfg = Release|Any CPU
		{0FE4D122-3625-44B3-B65A-E8D9C2581BB2}.Release|Any CPU.Build.0 = Release|Any CPU
	EndGlobalSection
	GlobalSection(SolutionProperties) = preSolution
		HideSolutionNode = FALSE
	EndGlobalSection
	GlobalSection(ExtensibilityGlobals) = postSolution
		SolutionGuid = {8F6B31E8-CEFA-4D7C-9428-08196A3155F8}
	EndGlobalSection
EndGlobal
